{
  "name": "source-map-support",
  "version": "0.5.21",
  "lockfileVersion": 2,
  "requires": true,
  "packages": {
    "": {
      "name": "source-map-support",
      "version": "0.5.21",
      "license": "MIT",
      "dependencies": {
        "buffer-from": "^1.0.0",
        "source-map": "^0.6.0"
      }
    },
    "node_modules/buffer-from": {
      "version": "1.0.0",
      "resolved": "https://registry.npmjs.org/buffer-from/-/buffer-from-1.0.0.tgz",
      "integrity": "sha512-83apNb8KK0Se60UE1+4Ukbe3HbfELJ6UlI4ldtOGs7So4KD26orJM8hIY9lxdzP+UpItH1Yh/Y8GUvNFWFFRxA=="
    },
    "node_modules/source-map": {
      "version": "0.6.0",
      "resolved": "https://registry.npmjs.org/source-map/-/source-map-0.6.0.tgz",
      "integrity": "sha512-mTozplhTX4tLKIHYji92OTZzVyZvi+Z1qRZDeBvQFI2XUB89wrRoj/xXad3c9NZ1GPJXXRvB+k41PQCPTMC+aA==",
      "engines": {
        "node": ">=0.10.0"
      }
    }
  },
  "dependencies": {
    "buffer-from": {
      "version": "1.0.0",
      "resolved": "https://registry.npmjs.org/buffer-from/-/buffer-from-1.0.0.tgz",
      "integrity": "sha512-83apNb8KK0Se60UE1+4Ukbe3HbfELJ6UlI4ldtOGs7So4KD26orJM8hIY9lxdzP+UpItH1Yh/Y8GUvNFWFFRxA=="
    },
    "source-map": {
      "version": "0.6.0",
      "resolved": "https://registry.npmjs.org/source-map/-/source-map-0.6.0.tgz",
      "integrity": "sha512-mTozplhTX4tLKIHYji92OTZzVyZvi+Z1qRZDeBvQFI2XUB89wrRoj/xXad3c9NZ1GPJXXRvB+k41PQCPTMC+aA=="
    }
  }
}
